
Microsoft Visual Studio Solution File, Format Version 12.00
# Visual Studio Version 16
VisualStudioVersion = 16.0.30611.23
MinimumVisualStudioVersion = 10.0.40219.1
Project("{FAE04EC0-301F-11D3-BF4B-00C04F79EFBC}") = "AlgorithmExercises", "AlgorithmExercises\AlgorithmExercises.csproj", "{DCA9A085-8FAD-4512-9541-C53CB60121FF}"
EndProject
Global
	GlobalSection(SolutionConfigurationPlatforms) = preSolution
		Debug|Any CPU = Debug|Any CPU
		Release|Any CPU = Release|Any CPU
	EndGlobalSection
	GlobalSection(ProjectConfigurationPlatforms) = postSolution
		{DCA9A085-8FAD-4512-9541-C53CB60121FF}.Debug|Any CPU.ActiveCfg = Debug|Any CPU
		{DCA9A085-8FAD-4512-9541-C53CB60121FF}.Debug|Any CPU.Build.0 = Debug|Any CPU
		{DCA9A085-8FAD-4512-9541-C53CB60121FF}.Release|Any CPU.ActiveCfg = Release|Any CPU
		{DCA9A085-8FAD-4512-9541-C53CB60121FF}.Release|Any CPU.Build.0 = Release|Any CPU
	EndGlobalSection
	GlobalSection(SolutionProperties) = preSolution
		HideSolutionNode = FALSE
	EndGlobalSection
	GlobalSection(ExtensibilityGlobals) = postSolution
		SolutionGuid = {E56D2578-50B4-47A1-A992-533D8BA37120}
	EndGlobalSection
EndGlobal
